// !$*UTF8*$!
{
	archiveVersion = 1;
	classes = {
	};
	objectVersion = 55;
	objects = {

/* Begin PBXBuildFile section */
		2A1D9E31298C028700172C03 /* FactsView.swift in Sources */ = {isa = PBXBuildFile; fileRef = 2A1D9E30298C028700172C03 /* FactsView.swift */; };
		2A9BDD11298AA09500070B75 /* HeaderData.swift in Sources */ = {isa = PBXBuildFile; fileRef = 2A9BDD10298AA09500070B75 /* HeaderData.swift */; };
		2A9BDD13298AA36700070B75 /* FoodsView.swift in Sources */ = {isa = PBXBuildFile; fileRef = 2A9BDD12298AA36700070B75 /* FoodsView.swift */; };
		2AA6B29629906C6900E6678D /* RecipeData.swift in Sources */ = {isa = PBXBuildFile; fileRef = 2AA6B29529906C6900E6678D /* RecipeData.swift */; };
		2AA6B29829906FF200E6678D /* RecipeCardView.swift in Sources */ = {isa = PBXBuildFile; fileRef = 2AA6B29729906FF200E6678D /* RecipeCardView.swift */; };
		2AA6B29A299073F300E6678D /* RecipeRatingView.swift in Sources */ = {isa = PBXBuildFile; fileRef = 2AA6B299299073F200E6678D /* RecipeRatingView.swift */; };
		2AA6B29C2990746D00E6678D /* RecipeCookingView.swift in Sources */ = {isa = PBXBuildFile; fileRef = 2AA6B29B2990746D00E6678D /* RecipeCookingView.swift */; };
		2AA6B29E299074D200E6678D /* RecipeDetailView.swift in Sources */ = {isa = PBXBuildFile; fileRef = 2AA6B29D299074D200E6678D /* RecipeDetailView.swift */; };
		2AB1A573298DB8CD006F5323 /* FactModel.swift in Sources */ = {isa = PBXBuildFile; fileRef = 2AB1A572298DB8CD006F5323 /* FactModel.swift */; };
		2ABCC6FB29844AA8006AC20F /* DishesApp.swift in Sources */ = {isa = PBXBuildFile; fileRef = 2ABCC6FA29844AA8006AC20F /* DishesApp.swift */; };
		2ABCC6FD29844AA8006AC20F /* ContentView.swift in Sources */ = {isa = PBXBuildFile; fileRef = 2ABCC6FC29844AA8006AC20F /* ContentView.swift */; };
		2ABCC6FF29844AAB006AC20F /* Assets.xcassets in Resources */ = {isa = PBXBuildFile; fileRef = 2ABCC6FE29844AAB006AC20F /* Assets.xcassets */; };
		2ABCC70229844AAB006AC20F /* Preview Assets.xcassets in Resources */ = {isa = PBXBuildFile; fileRef = 2ABCC70129844AAB006AC20F /* Preview Assets.xcassets */; };
		2ABCC70A29846B75006AC20F /* Launch Screen.storyboard in Resources */ = {isa = PBXBuildFile; fileRef = 2ABCC70929846B75006AC20F /* Launch Screen.storyboard */; };
		2ABCC70F29846FA2006AC20F /* DishesView.swift in Sources */ = {isa = PBXBuildFile; fileRef = 2ABCC70E29846FA2006AC20F /* DishesView.swift */; };
		2ABCC71129846FC9006AC20F /* ColdingStagesView.swift in Sources */ = {isa = PBXBuildFile; fileRef = 2ABCC71029846FC9006AC20F /* ColdingStagesView.swift */; };
		2ABCC71329846FDC006AC20F /* SettingsView.swift in Sources */ = {isa = PBXBuildFile; fileRef = 2ABCC71229846FDC006AC20F /* SettingsView.swift */; };
		2ABCC71529846FEF006AC20F /* AppView.swift in Sources */ = {isa = PBXBuildFile; fileRef = 2ABCC71429846FEF006AC20F /* AppView.swift */; };
		2ACAD31E2989704F00C93A53 /* HeaderModel.swift in Sources */ = {isa = PBXBuildFile; fileRef = 2ACAD31D2989704F00C93A53 /* HeaderModel.swift */; };
		2AE2DA3D298E912400820B8E /* FactData.swift in Sources */ = {isa = PBXBuildFile; fileRef = 2AE2DA3C298E912400820B8E /* FactData.swift */; };
		2AE2DA3F298E948800820B8E /* Recipe.swift in Sources */ = {isa = PBXBuildFile; fileRef = 2AE2DA3E298E948800820B8E /* Recipe.swift */; };
		2AEB8F742988700500B254AA /* HeaderView.swift in Sources */ = {isa = PBXBuildFile; fileRef = 2AEB8F732988700500B254AA /* HeaderView.swift */; };
/* End PBXBuildFile section */

/* Begin PBXFileReference section */
		2A1D9E30298C028700172C03 /* FactsView.swift */ = {isa = PBXFileReference; lastKnownFileType = sourcecode.swift; path = FactsView.swift; sourceTree = "<group>"; };
		2A9BDD10298AA09500070B75 /* HeaderData.swift */ = {isa = PBXFileReference; lastKnownFileType = sourcecode.swift; path = HeaderData.swift; sourceTree = "<group>"; };
		2A9BDD12298AA36700070B75 /* FoodsView.swift */ = {isa = PBXFileReference; lastKnownFileType = sourcecode.swift; path = FoodsView.swift; sourceTree = "<group>"; };
		2AA6B29529906C6900E6678D /* RecipeData.swift */ = {isa = PBXFileReference; lastKnownFileType = sourcecode.swift; path = RecipeData.swift; sourceTree = "<group>"; };
		2AA6B29729906FF200E6678D /* RecipeCardView.swift */ = {isa = PBXFileReference; lastKnownFileType = sourcecode.swift; path = RecipeCardView.swift; sourceTree = "<group>"; };
		2AA6B299299073F200E6678D /* RecipeRatingView.swift */ = {isa = PBXFileReference; lastKnownFileType = sourcecode.swift; path = RecipeRatingView.swift; sourceTree = "<group>"; };
		2AA6B29B2990746D00E6678D /* RecipeCookingView.swift */ = {isa = PBXFileReference; lastKnownFileType = sourcecode.swift; path = RecipeCookingView.swift; sourceTree = "<group>"; };
		2AA6B29D299074D200E6678D /* RecipeDetailView.swift */ = {isa = PBXFileReference; lastKnownFileType = sourcecode.swift; path = RecipeDetailView.swift; sourceTree = "<group>"; };
		2AB1A572298DB8CD006F5323 /* FactModel.swift */ = {isa = PBXFileReference; lastKnownFileType = sourcecode.swift; path = FactModel.swift; sourceTree = "<group>"; };
		2ABCC6F729844AA8006AC20F /* Dishes.app */ = {isa = PBXFileReference; explicitFileType = wrapper.application; includeInIndex = 0; path = Dishes.app; sourceTree = BUILT_PRODUCTS_DIR; };
		2ABCC6FA29844AA8006AC20F /* DishesApp.swift */ = {isa = PBXFileReference; lastKnownFileType = sourcecode.swift; path = DishesApp.swift; sourceTree = "<group>"; };
		2ABCC6FC29844AA8006AC20F /* ContentView.swift */ = {isa = PBXFileReference; lastKnownFileType = sourcecode.swift; path = ContentView.swift; sourceTree = "<group>"; };
		2ABCC6FE29844AAB006AC20F /* Assets.xcassets */ = {isa = PBXFileReference; lastKnownFileType = folder.assetcatalog; path = Assets.xcassets; sourceTree = "<group>"; };
		2ABCC70129844AAB006AC20F /* Preview Assets.xcassets */ = {isa = PBXFileReference; lastKnownFileType = folder.assetcatalog; path = "Preview Assets.xcassets"; sourceTree = "<group>"; };
		2ABCC70829846A9A006AC20F /* Info.plist */ = {isa = PBXFileReference; lastKnownFileType = text.plist; path = Info.plist; sourceTree = "<group>"; };
		2ABCC70929846B75006AC20F /* Launch Screen.storyboard */ = {isa = PBXFileReference; lastKnownFileType = file.storyboard; path = "Launch Screen.storyboard"; sourceTree = "<group>"; };
		2ABCC70E29846FA2006AC20F /* DishesView.swift */ = {isa = PBXFileReference; lastKnownFileType = sourcecode.swift; path = DishesView.swift; sourceTree = "<group>"; };
		2ABCC71029846FC9006AC20F /* ColdingStagesView.swift */ = {isa = PBXFileReference; lastKnownFileType = sourcecode.swift; path = ColdingStagesView.swift; sourceTree = "<group>"; };
		2ABCC71229846FDC006AC20F /* SettingsView.swift */ = {isa = PBXFileReference; lastKnownFileType = sourcecode.swift; path = SettingsView.swift; sourceTree = "<group>"; };
		2ABCC71429846FEF006AC20F /* AppView.swift */ = {isa = PBXFileReference; lastKnownFileType = sourcecode.swift; path = AppView.swift; sourceTree = "<group>"; };
		2ACAD31D2989704F00C93A53 /* HeaderModel.swift */ = {isa = PBXFileReference; lastKnownFileType = sourcecode.swift; path = HeaderModel.swift; sourceTree = "<group>"; };
		2AE2DA3C298E912400820B8E /* FactData.swift */ = {isa = PBXFileReference; lastKnownFileType = sourcecode.swift; path = FactData.swift; sourceTree = "<group>"; };
		2AE2DA3E298E948800820B8E /* Recipe.swift */ = {isa = PBXFileReference; lastKnownFileType = sourcecode.swift; path = Recipe.swift; sourceTree = "<group>"; };
		2AEB8F732988700500B254AA /* HeaderView.swift */ = {isa = PBXFileReference; lastKnownFileType = sourcecode.swift; path = HeaderView.swift; sourceTree = "<group>"; };
/* End PBXFileReference section */

/* Begin PBXFrameworksBuildPhase section */
		2ABCC6F429844AA8006AC20F /* Frameworks */ = {
			isa = PBXFrameworksBuildPhase;
			buildActionMask = 2147483647;
			files = (
			);
			runOnlyForDeploymentPostprocessing = 0;
		};
/* End PBXFrameworksBuildPhase section */

/* Begin PBXGroup section */
		2ABCC6EE29844AA8006AC20F = {
			isa = PBXGroup;
			children = (
				2ABCC6F929844AA8006AC20F /* Dishes */,
				2ABCC6F829844AA8006AC20F /* Products */,
			);
			sourceTree = "<group>";
		};
		2ABCC6F829844AA8006AC20F /* Products */ = {
			isa = PBXGroup;
			children = (
				2ABCC6F729844AA8006AC20F /* Dishes.app */,
			);
			name = Products;
			sourceTree = "<group>";
		};
		2ABCC6F929844AA8006AC20F /* Dishes */ = {
			isa = PBXGroup;
			children = (
				2ABCC70D29846F11006AC20F /* Data */,
				2ABCC70C29846F0B006AC20F /* Model */,
				2ABCC70B29846F06006AC20F /* View */,
				2ABCC70829846A9A006AC20F /* Info.plist */,
				2ABCC6FA29844AA8006AC20F /* DishesApp.swift */,
				2ABCC6FE29844AAB006AC20F /* Assets.xcassets */,
				2ABCC70029844AAB006AC20F /* Preview Content */,
				2ABCC70929846B75006AC20F /* Launch Screen.storyboard */,
			);
			path = Dishes;
			sourceTree = "<group>";
		};
		2ABCC70029844AAB006AC20F /* Preview Content */ = {
			isa = PBXGroup;
			children = (
				2ABCC70129844AAB006AC20F /* Preview Assets.xcassets */,
			);
			path = "Preview Content";
			sourceTree = "<group>";
		};
		2ABCC70B29846F06006AC20F /* View */ = {
			isa = PBXGroup;
			children = (
				2ABCC6FC29844AA8006AC20F /* ContentView.swift */,
				2ABCC70E29846FA2006AC20F /* DishesView.swift */,
				2ABCC71029846FC9006AC20F /* ColdingStagesView.swift */,
				2ABCC71229846FDC006AC20F /* SettingsView.swift */,
				2ABCC71429846FEF006AC20F /* AppView.swift */,
				2AEB8F732988700500B254AA /* HeaderView.swift */,
				2A9BDD12298AA36700070B75 /* FoodsView.swift */,
				2A1D9E30298C028700172C03 /* FactsView.swift */,
				2AA6B29729906FF200E6678D /* RecipeCardView.swift */,
				2AA6B299299073F200E6678D /* RecipeRatingView.swift */,
				2AA6B29B2990746D00E6678D /* RecipeCookingView.swift */,
				2AA6B29D299074D200E6678D /* RecipeDetailView.swift */,
			);
			path = View;
			sourceTree = "<group>";
		};
		2ABCC70C29846F0B006AC20F /* Model */ = {
			isa = PBXGroup;
			children = (
				2ACAD31D2989704F00C93A53 /* HeaderModel.swift */,
				2AB1A572298DB8CD006F5323 /* FactModel.swift */,
				2AE2DA3E298E948800820B8E /* Recipe.swift */,
			);
			path = Model;
			sourceTree = "<group>";
		};
		2ABCC70D29846F11006AC20F /* Data */ = {
			isa = PBXGroup;
			children = (
				2A9BDD10298AA09500070B75 /* HeaderData.swift */,
				2AE2DA3C298E912400820B8E /* FactData.swift */,
				2AA6B29529906C6900E6678D /* RecipeData.swift */,
			);
			path = Data;
			sourceTree = "<group>";
		};
/* End PBXGroup section */

/* Begin PBXNativeTarget section */
		2ABCC6F629844AA8006AC20F /* Dishes */ = {
			isa = PBXNativeTarget;
			buildConfigurationList = 2ABCC70529844AAB006AC20F /* Build configuration list for PBXNativeTarget "Dishes" */;
			buildPhases = (
				2ABCC6F329844AA8006AC20F /* Sources */,
				2ABCC6F429844AA8006AC20F /* Frameworks */,
				2ABCC6F529844AA8006AC20F /* Resources */,
			);
			buildRules = (
			);
			dependencies = (
			);
			name = Dishes;
			productName = Dishes;
			productReference = 2ABCC6F729844AA8006AC20F /* Dishes.app */;
			productType = "com.apple.product-type.application";
		};
/* End PBXNativeTarget section */

/* Begin PBXProject section */
		2ABCC6EF29844AA8006AC20F /* Project object */ = {
			isa = PBXProject;
			attributes = {
				BuildIndependentTargetsInParallel = 1;
				LastSwiftUpdateCheck = 1340;
				LastUpgradeCheck = 1340;
				TargetAttributes = {
					2ABCC6F629844AA8006AC20F = {
						CreatedOnToolsVersion = 13.4.1;
					};
				};
			};
			buildConfigurationList = 2ABCC6F229844AA8006AC20F /* Build configuration list for PBXProject "Dishes" */;
			compatibilityVersion = "Xcode 13.0";
			developmentRegion = en;
			hasScannedForEncodings = 0;
			knownRegions = (
				en,
				Base,
			);
			mainGroup = 2ABCC6EE29844AA8006AC20F;
			productRefGroup = 2ABCC6F829844AA8006AC20F /* Products */;
			projectDirPath = "";
			projectRoot = "";
			targets = (
				2ABCC6F629844AA8006AC20F /* Dishes */,
			);
		};
/* End PBXProject section */

/* Begin PBXResourcesBuildPhase section */
		2ABCC6F529844AA8006AC20F /* Resources */ = {
			isa = PBXResourcesBuildPhase;
			buildActionMask = 2147483647;
			files = (
				2ABCC70A29846B75006AC20F /* Launch Screen.storyboard in Resources */,
				2ABCC70229844AAB006AC20F /* Preview Assets.xcassets in Resources */,
				2ABCC6FF29844AAB006AC20F /* Assets.xcassets in Resources */,
			);
			runOnlyForDeploymentPostprocessing = 0;
		};
/* End PBXResourcesBuildPhase section */

/* Begin PBXSourcesBuildPhase section */
		2ABCC6F329844AA8006AC20F /* Sources */ = {
			isa = PBXSourcesBuildPhase;
			buildActionMask = 2147483647;
			files = (
				2ABCC71329846FDC006AC20F /* SettingsView.swift in Sources */,
				2AA6B29A299073F300E6678D /* RecipeRatingView.swift in Sources */,
				2ABCC71129846FC9006AC20F /* ColdingStagesView.swift in Sources */,
				2A9BDD13298AA36700070B75 /* FoodsView.swift in Sources */,
				2ABCC71529846FEF006AC20F /* AppView.swift in Sources */,
				2ABCC6FD29844AA8006AC20F /* ContentView.swift in Sources */,
				2ABCC6FB29844AA8006AC20F /* DishesApp.swift in Sources */,
				2ABCC70F29846FA2006AC20F /* DishesView.swift in Sources */,
				2ACAD31E2989704F00C93A53 /* HeaderModel.swift in Sources */,
				2A9BDD11298AA09500070B75 /* HeaderData.swift in Sources */,
				2AE2DA3F298E948800820B8E /* Recipe.swift in Sources */,
				2AA6B29C2990746D00E6678D /* RecipeCookingView.swift in Sources */,
				2AB1A573298DB8CD006F5323 /* FactModel.swift in Sources */,
				2A1D9E31298C028700172C03 /* FactsView.swift in Sources */,
				2AA6B29829906FF200E6678D /* RecipeCardView.swift in Sources */,
				2AA6B29629906C6900E6678D /* RecipeData.swift in Sources */,
				2AEB8F742988700500B254AA /* HeaderView.swift in Sources */,
				2AA6B29E299074D200E6678D /* RecipeDetailView.swift in Sources */,
				2AE2DA3D298E912400820B8E /* FactData.swift in Sources */,
			);
			runOnlyForDeploymentPostprocessing = 0;
		};
/* End PBXSourcesBuildPhase section */

/* Begin XCBuildConfiguration section */
		2ABCC70329844AAB006AC20F /* Debug */ = {
			isa = XCBuildConfiguration;
			buildSettings = {
				ALWAYS_SEARCH_USER_PATHS = NO;
				CLANG_ANALYZER_NONNULL = YES;
				CLANG_ANALYZER_NUMBER_OBJECT_CONVERSION = YES_AGGRESSIVE;
				CLANG_CXX_LANGUAGE_STANDARD = "gnu++17";
				CLANG_ENABLE_MODULES = YES;
				CLANG_ENABLE_OBJC_ARC = YES;
				CLANG_ENABLE_OBJC_WEAK = YES;
				CLANG_WARN_BLOCK_CAPTURE_AUTORELEASING = YES;
				CLANG_WARN_BOOL_CONVERSION = YES;
				CLANG_WARN_COMMA = YES;
				CLANG_WARN_CONSTANT_CONVERSION = YES;
				CLANG_WARN_DEPRECATED_OBJC_IMPLEMENTATIONS = YES;
				CLANG_WARN_DIRECT_OBJC_ISA_USAGE = YES_ERROR;
				CLANG_WARN_DOCUMENTATION_COMMENTS = YES;
				CLANG_WARN_EMPTY_BODY = YES;
				CLANG_WARN_ENUM_CONVERSION = YES;
				CLANG_WARN_INFINITE_RECURSION = YES;
				CLANG_WARN_INT_CONVERSION = YES;
				CLANG_WARN_NON_LITERAL_NULL_CONVERSION = YES;
				CLANG_WARN_OBJC_IMPLICIT_RETAIN_SELF = YES;
				CLANG_WARN_OBJC_LITERAL_CONVERSION = YES;
				CLANG_WARN_OBJC_ROOT_CLASS = YES_ERROR;
				CLANG_WARN_QUOTED_INCLUDE_IN_FRAMEWORK_HEADER = YES;
				CLANG_WARN_RANGE_LOOP_ANALYSIS = YES;
				CLANG_WARN_STRICT_PROTOTYPES = YES;
				CLANG_WARN_SUSPICIOUS_MOVE = YES;
				CLANG_WARN_UNGUARDED_AVAILABILITY = YES_AGGRESSIVE;
				CLANG_WARN_UNREACHABLE_CODE = YES;
				CLANG_WARN__DUPLICATE_METHOD_MATCH = YES;
				COPY_PHASE_STRIP = NO;
				DEBUG_INFORMATION_FORMAT = dwarf;
				ENABLE_STRICT_OBJC_MSGSEND = YES;
				ENABLE_TESTABILITY = YES;
				GCC_C_LANGUAGE_STANDARD = gnu11;
				GCC_DYNAMIC_NO_PIC = NO;
				GCC_NO_COMMON_BLOCKS = YES;
				GCC_OPTIMIZATION_LEVEL = 0;
				GCC_PREPROCESSOR_DEFINITIONS = (
					"DEBUG=1",
					"$(inherited)",
				);
				GCC_WARN_64_TO_32_BIT_CONVERSION = YES;
				GCC_WARN_ABOUT_RETURN_TYPE = YES_ERROR;
				GCC_WARN_UNDECLARED_SELECTOR = YES;
				GCC_WARN_UNINITIALIZED_AUTOS = YES_AGGRESSIVE;
				GCC_WARN_UNUSED_FUNCTION = YES;
				GCC_WARN_UNUSED_VARIABLE = YES;
				IPHONEOS_DEPLOYMENT_TARGET = 15.5;
				MTL_ENABLE_DEBUG_INFO = INCLUDE_SOURCE;
				MTL_FAST_MATH = YES;
				ONLY_ACTIVE_ARCH = YES;
				SDKROOT = iphoneos;
				SWIFT_ACTIVE_COMPILATION_CONDITIONS = DEBUG;
				SWIFT_OPTIMIZATION_LEVEL = "-Onone";
			};
			name = Debug;
		};
		2ABCC70429844AAB006AC20F /* Release */ = {
			isa = XCBuildConfiguration;
			buildSettings = {
				ALWAYS_SEARCH_USER_PATHS = NO;
				CLANG_ANALYZER_NONNULL = YES;
				CLANG_ANALYZER_NUMBER_OBJECT_CONVERSION = YES_AGGRESSIVE;
				CLANG_CXX_LANGUAGE_STANDARD = "gnu++17";
				CLANG_ENABLE_MODULES = YES;
				CLANG_ENABLE_OBJC_ARC = YES;
				CLANG_ENABLE_OBJC_WEAK = YES;
				CLANG_WARN_BLOCK_CAPTURE_AUTORELEASING = YES;
				CLANG_WARN_BOOL_CONVERSION = YES;
				CLANG_WARN_COMMA = YES;
				CLANG_WARN_CONSTANT_CONVERSION = YES;
				CLANG_WARN_DEPRECATED_OBJC_IMPLEMENTATIONS = YES;
				CLANG_WARN_DIRECT_OBJC_ISA_USAGE = YES_ERROR;
				CLANG_WARN_DOCUMENTATION_COMMENTS = YES;
				CLANG_WARN_EMPTY_BODY = YES;
				CLANG_WARN_ENUM_CONVERSION = YES;
				CLANG_WARN_INFINITE_RECURSION = YES;
				CLANG_WARN_INT_CONVERSION = YES;
				CLANG_WARN_NON_LITERAL_NULL_CONVERSION = YES;
				CLANG_WARN_OBJC_IMPLICIT_RETAIN_SELF = YES;
				CLANG_WARN_OBJC_LITERAL_CONVERSION = YES;
				CLANG_WARN_OBJC_ROOT_CLASS = YES_ERROR;
				CLANG_WARN_QUOTED_INCLUDE_IN_FRAMEWORK_HEADER = YES;
				CLANG_WARN_RANGE_LOOP_ANALYSIS = YES;
				CLANG_WARN_STRICT_PROTOTYPES = YES;
				CLANG_WARN_SUSPICIOUS_MOVE = YES;
				CLANG_WARN_UNGUARDED_AVAILABILITY = YES_AGGRESSIVE;
				CLANG_WARN_UNREACHABLE_CODE = YES;
				CLANG_WARN__DUPLICATE_METHOD_MATCH = YES;
				COPY_PHASE_STRIP = NO;
				DEBUG_INFORMATION_FORMAT = "dwarf-with-dsym";
				ENABLE_NS_ASSERTIONS = NO;
				ENABLE_STRICT_OBJC_MSGSEND = YES;
				GCC_C_LANGUAGE_STANDARD = gnu11;
				GCC_NO_COMMON_BLOCKS = YES;
				GCC_WARN_64_TO_32_BIT_CONVERSION = YES;
				GCC_WARN_ABOUT_RETURN_TYPE = YES_ERROR;
				GCC_WARN_UNDECLARED_SELECTOR = YES;
				GCC_WARN_UNINITIALIZED_AUTOS = YES_AGGRESSIVE;
				GCC_WARN_UNUSED_FUNCTION = YES;
				GCC_WARN_UNUSED_VARIABLE = YES;
				IPHONEOS_DEPLOYMENT_TARGET = 15.5;
				MTL_ENABLE_DEBUG_INFO = NO;
				MTL_FAST_MATH = YES;
				SDKROOT = iphoneos;
				SWIFT_COMPILATION_MODE = wholemodule;
				SWIFT_OPTIMIZATION_LEVEL = "-O";
				VALIDATE_PRODUCT = YES;
			};
			name = Release;
		};
		2ABCC70629844AAB006AC20F /* Debug */ = {
			isa = XCBuildConfiguration;
			buildSettings = {
				ASSETCATALOG_COMPILER_APPICON_NAME = AppIcon;
				ASSETCATALOG_COMPILER_GLOBAL_ACCENT_COLOR_NAME = AccentColor;
				CODE_SIGN_STYLE = Automatic;
				CURRENT_PROJECT_VERSION = 1;
				DEVELOPMENT_ASSET_PATHS = "\"Dishes/Preview Content\"";
				DEVELOPMENT_TEAM = Q4XL87PW39;
				ENABLE_PREVIEWS = YES;
				GENERATE_INFOPLIST_FILE = YES;
				INFOPLIST_FILE = Dishes/Info.plist;
				INFOPLIST_KEY_UIApplicationSceneManifest_Generation = YES;
				INFOPLIST_KEY_UIApplicationSupportsIndirectInputEvents = YES;
				INFOPLIST_KEY_UILaunchScreen_Generation = YES;
				INFOPLIST_KEY_UISupportedInterfaceOrientations_iPad = "UIInterfaceOrientationPortrait UIInterfaceOrientationPortraitUpsideDown UIInterfaceOrientationLandscapeLeft UIInterfaceOrientationLandscapeRight";
				INFOPLIST_KEY_UISupportedInterfaceOrientations_iPhone = "UIInterfaceOrientationPortrait UIInterfaceOrientationLandscapeLeft UIInterfaceOrientationLandscapeRight";
				LD_RUNPATH_SEARCH_PATHS = (
					"$(inherited)",
					"@executable_path/Frameworks",
				);
				MARKETING_VERSION = 1.0;
				PRODUCT_BUNDLE_IDENTIFIER = com.seyhan.can.mehmet.Dishes;
				PRODUCT_NAME = "$(TARGET_NAME)";
				SWIFT_EMIT_LOC_STRINGS = YES;
				SWIFT_VERSION = 5.0;
				TARGETED_DEVICE_FAMILY = "1,2";
			};
			name = Debug;
		};
		2ABCC70729844AAB006AC20F /* Release */ = {
			isa = XCBuildConfiguration;
			buildSettings = {
				ASSETCATALOG_COMPILER_APPICON_NAME = AppIcon;
				ASSETCATALOG_COMPILER_GLOBAL_ACCENT_COLOR_NAME = AccentColor;
				CODE_SIGN_STYLE = Automatic;
				CURRENT_PROJECT_VERSION = 1;
				DEVELOPMENT_ASSET_PATHS = "\"Dishes/Preview Content\"";
				DEVELOPMENT_TEAM = Q4XL87PW39;
				ENABLE_PREVIEWS = YES;
				GENERATE_INFOPLIST_FILE = YES;
				INFOPLIST_FILE = Dishes/Info.plist;
				INFOPLIST_KEY_UIApplicationSceneManifest_Generation = YES;
				INFOPLIST_KEY_UIApplicationSupportsIndirectInputEvents = YES;
				INFOPLIST_KEY_UILaunchScreen_Generation = YES;
				INFOPLIST_KEY_UISupportedInterfaceOrientations_iPad = "UIInterfaceOrientationPortrait UIInterfaceOrientationPortraitUpsideDown UIInterfaceOrientationLandscapeLeft UIInterfaceOrientationLandscapeRight";
				INFOPLIST_KEY_UISupportedInterfaceOrientations_iPhone = "UIInterfaceOrientationPortrait UIInterfaceOrientationLandscapeLeft UIInterfaceOrientationLandscapeRight";
				LD_RUNPATH_SEARCH_PATHS = (
					"$(inherited)",
					"@executable_path/Frameworks",
				);
				MARKETING_VERSION = 1.0;
				PRODUCT_BUNDLE_IDENTIFIER = com.seyhan.can.mehmet.Dishes;
				PRODUCT_NAME = "$(TARGET_NAME)";
				SWIFT_EMIT_LOC_STRINGS = YES;
				SWIFT_VERSION = 5.0;
				TARGETED_DEVICE_FAMILY = "1,2";
			};
			name = Release;
		};
/* End XCBuildConfiguration section */

/* Begin XCConfigurationList section */
		2ABCC6F229844AA8006AC20F /* Build configuration list for PBXProject "Dishes" */ = {
			isa = XCConfigurationList;
			buildConfigurations = (
				2ABCC70329844AAB006AC20F /* Debug */,
				2ABCC70429844AAB006AC20F /* Release */,
			);
			defaultConfigurationIsVisible = 0;
			defaultConfigurationName = Release;
		};
		2ABCC70529844AAB006AC20F /* Build configuration list for PBXNativeTarget "Dishes" */ = {
			isa = XCConfigurationList;
			buildConfigurations = (
				2ABCC70629844AAB006AC20F /* Debug */,
				2ABCC70729844AAB006AC20F /* Release */,
			);
			defaultConfigurationIsVisible = 0;
			defaultConfigurationName = Release;
		};
/* End XCConfigurationList section */
	};
	rootObject = 2ABCC6EF29844AA8006AC20F /* Project object */;
}
